// !$*UTF8*$!
{
	archiveVersion = 1;
	classes = {
	};
	objectVersion = 48;
	objects = {

/* Begin PBXBuildFile section */
		1F109A17AD132AD2EEF97DEA /* libPods-envirdata.a in Frameworks */ = {isa = PBXBuildFile; fileRef = 6C3F005BC8120EC24CB3EB75 /* libPods-envirdata.a */; };
		E100802520F621A300B75514 /* EnvAirQualityVC.m in Sources */ = {isa = PBXBuildFile; fileRef = E100802420F621A200B75514 /* EnvAirQualityVC.m */; };
		E100802A20F621FF00B75514 /* EnvOnlineMonVC.m in Sources */ = {isa = PBXBuildFile; fileRef = E100802920F621FF00B75514 /* EnvOnlineMonVC.m */; };
		E100802E20F6223900B75514 /* EnvManagerVC.m in Sources */ = {isa = PBXBuildFile; fileRef = E100802D20F6223900B75514 /* EnvManagerVC.m */; };
		E100803220F6226F00B75514 /* EnvAnalysisReportVC.m in Sources */ = {isa = PBXBuildFile; fileRef = E100803120F6226F00B75514 /* EnvAnalysisReportVC.m */; };
		E100803620F622AE00B75514 /* EnvPersonalCenterVC.m in Sources */ = {isa = PBXBuildFile; fileRef = E100803520F622AE00B75514 /* EnvPersonalCenterVC.m */; };
		E100803A20F636DB00B75514 /* UIButton+Bootstrap.m in Sources */ = {isa = PBXBuildFile; fileRef = E100803920F636DB00B75514 /* UIButton+Bootstrap.m */; };
		E12A38D320F8C44F00085665 /* QRadioButton.m in Sources */ = {isa = PBXBuildFile; fileRef = E12A38CE20F8C44F00085665 /* QRadioButton.m */; };
		E12A38D420F8C44F00085665 /* radio_checked.png in Resources */ = {isa = PBXBuildFile; fileRef = E12A38CF20F8C44F00085665 /* radio_checked.png */; };
		E12A38D520F8C44F00085665 /* radio_checked@2x.png in Resources */ = {isa = PBXBuildFile; fileRef = E12A38D020F8C44F00085665 /* radio_checked@2x.png */; };
		E12A38D620F8C44F00085665 /* radio_unchecked.png in Resources */ = {isa = PBXBuildFile; fileRef = E12A38D120F8C44F00085665 /* radio_unchecked.png */; };
		E12A38D720F8C44F00085665 /* radio_unchecked@2x.png in Resources */ = {isa = PBXBuildFile; fileRef = E12A38D220F8C44F00085665 /* radio_unchecked@2x.png */; };
		E13458E820FB640F00D6B549 /* Mcu_sdk.framework in Frameworks */ = {isa = PBXBuildFile; fileRef = E13458E720FB640F00D6B549 /* Mcu_sdk.framework */; };
		E13458EA20FB642400D6B549 /* libbz2.tbd in Frameworks */ = {isa = PBXBuildFile; fileRef = E13458E920FB642400D6B549 /* libbz2.tbd */; };
		E13458EC20FB643000D6B549 /* CoreGraphics.framework in Frameworks */ = {isa = PBXBuildFile; fileRef = E13458EB20FB643000D6B549 /* CoreGraphics.framework */; };
		E13458EE20FB644700D6B549 /* AudioToolbox.framework in Frameworks */ = {isa = PBXBuildFile; fileRef = E13458ED20FB644700D6B549 /* AudioToolbox.framework */; };
		E13458F020FB645000D6B549 /* OpenAL.framework in Frameworks */ = {isa = PBXBuildFile; fileRef = E13458EF20FB645000D6B549 /* OpenAL.framework */; };
		E13458F220FB645C00D6B549 /* OpenGLES.framework in Frameworks */ = {isa = PBXBuildFile; fileRef = E13458F120FB645C00D6B549 /* OpenGLES.framework */; };
		E13458F420FB646700D6B549 /* VideoToolbox.framework in Frameworks */ = {isa = PBXBuildFile; fileRef = E13458F320FB646700D6B549 /* VideoToolbox.framework */; };
		E13458F620FB646F00D6B549 /* CoreVideo.framework in Frameworks */ = {isa = PBXBuildFile; fileRef = E13458F520FB646F00D6B549 /* CoreVideo.framework */; };
		E13458F820FB647900D6B549 /* CoreMedia.framework in Frameworks */ = {isa = PBXBuildFile; fileRef = E13458F720FB647900D6B549 /* CoreMedia.framework */; };
		E13458FA20FB648100D6B549 /* GLKit.framework in Frameworks */ = {isa = PBXBuildFile; fileRef = E13458F920FB648100D6B549 /* GLKit.framework */; };
		E13458FC20FB649100D6B549 /* libiconv.tbd in Frameworks */ = {isa = PBXBuildFile; fileRef = E13458FB20FB649100D6B549 /* libiconv.tbd */; };
		E13458FE20FB649800D6B549 /* libz.tbd in Frameworks */ = {isa = PBXBuildFile; fileRef = E13458FD20FB649800D6B549 /* libz.tbd */; };
		E134590020FB64A200D6B549 /* libstdc++.6.0.9.tbd in Frameworks */ = {isa = PBXBuildFile; fileRef = E13458FF20FB64A200D6B549 /* libstdc++.6.0.9.tbd */; };
		E134590220FB64AC00D6B549 /* libstdc++.tbd in Frameworks */ = {isa = PBXBuildFile; fileRef = E134590120FB64AC00D6B549 /* libstdc++.tbd */; };
		E134590420FB64B700D6B549 /* libc++.tbd in Frameworks */ = {isa = PBXBuildFile; fileRef = E134590320FB64B700D6B549 /* libc++.tbd */; };
		E134590820FB65C800D6B549 /* XMLReader.m in Sources */ = {isa = PBXBuildFile; fileRef = E134590720FB65C800D6B549 /* XMLReader.m */; };
		E134590C20FB69D900D6B549 /* PlayView.m in Sources */ = {isa = PBXBuildFile; fileRef = E134590B20FB69D900D6B549 /* PlayView.m */; };
		E134648A20F4E98E006E4144 /* AFAppDotNetAPIClient.m in Sources */ = {isa = PBXBuildFile; fileRef = E134648920F4E98E006E4144 /* AFAppDotNetAPIClient.m */; };
		E134649120F4F0FA006E4144 /* UIViewController+util.m in Sources */ = {isa = PBXBuildFile; fileRef = E134649020F4F0FA006E4144 /* UIViewController+util.m */; };
		E134649320F50057006E4144 /* UIKit.framework in Frameworks */ = {isa = PBXBuildFile; fileRef = E134649220F50057006E4144 /* UIKit.framework */; };
		E134649520F50062006E4144 /* Foundation.framework in Frameworks */ = {isa = PBXBuildFile; fileRef = E134649420F50062006E4144 /* Foundation.framework */; };
		E134649720F50664006E4144 /* MapKit.framework in Frameworks */ = {isa = PBXBuildFile; fileRef = E134649620F50664006E4144 /* MapKit.framework */; };
		E148BD0820F77FAC00872ADD /* ForecastAreaModel.m in Sources */ = {isa = PBXBuildFile; fileRef = E148BD0720F77FAC00872ADD /* ForecastAreaModel.m */; };
		E148BD0B20F78D0F00872ADD /* EnvAreaLevelVC.m in Sources */ = {isa = PBXBuildFile; fileRef = E148BD0A20F78D0F00872ADD /* EnvAreaLevelVC.m */; };
		E148BD0E20F7927000872ADD /* SliderSwitchView.m in Sources */ = {isa = PBXBuildFile; fileRef = E148BD0D20F7927000872ADD /* SliderSwitchView.m */; };
		E148BD1120F7951200872ADD /* EnvAreaLevelListVC.m in Sources */ = {isa = PBXBuildFile; fileRef = E148BD1020F7951200872ADD /* EnvAreaLevelListVC.m */; };
		E148BD1720F79ACA00872ADD /* AreaLevelModel.m in Sources */ = {isa = PBXBuildFile; fileRef = E148BD1620F79ACA00872ADD /* AreaLevelModel.m */; };
		E167B3F820FB853900FD7F75 /* TaskTreeModel.m in Sources */ = {isa = PBXBuildFile; fileRef = E167B3F720FB853900FD7F75 /* TaskTreeModel.m */; };
		E16EE5EB20F88116007E045A /* AreaLevelCell.m in Sources */ = {isa = PBXBuildFile; fileRef = E16EE5EA20F88116007E045A /* AreaLevelCell.m */; };
		E16EE5EE20F8A421007E045A /* EnvAreaLevelHistoryVC.m in Sources */ = {isa = PBXBuildFile; fileRef = E16EE5ED20F8A420007E045A /* EnvAreaLevelHistoryVC.m */; };
		E18173F420F98ABF00604652 /* EnvOnlienListVC.m in Sources */ = {isa = PBXBuildFile; fileRef = E18173F320F98ABF00604652 /* EnvOnlienListVC.m */; };
		E18173F720F98AD900604652 /* EnvOnlineMapVC.mm in Sources */ = {isa = PBXBuildFile; fileRef = E18173F620F98AD900604652 /* EnvOnlineMapVC.mm */; };
		E18173FA20F996E400604652 /* OnlineCell.m in Sources */ = {isa = PBXBuildFile; fileRef = E18173F920F996E400604652 /* OnlineCell.m */; };
		E18173FD20F9991E00604652 /* OnlineMonModel.m in Sources */ = {isa = PBXBuildFile; fileRef = E18173FC20F9991E00604652 /* OnlineMonModel.m */; };
		E181740020F9A49D00604652 /* libcrypto.a in Frameworks */ = {isa = PBXBuildFile; fileRef = E18173FE20F9A49D00604652 /* libcrypto.a */; };
		E181740120F9A49D00604652 /* libssl.a in Frameworks */ = {isa = PBXBuildFile; fileRef = E18173FF20F9A49D00604652 /* libssl.a */; };
		E181740420F9B98900604652 /* StatePointAnnotation.m in Sources */ = {isa = PBXBuildFile; fileRef = E181740320F9B98900604652 /* StatePointAnnotation.m */; };
		E181740720F9BB3B00604652 /* PointPointAnnotation.m in Sources */ = {isa = PBXBuildFile; fileRef = E181740620F9BB3B00604652 /* PointPointAnnotation.m */; };
		E181740A20F9CEF300604652 /* DkeyModel.m in Sources */ = {isa = PBXBuildFile; fileRef = E181740920F9CEF300604652 /* DkeyModel.m */; };
		E181740E20F9D04100604652 /* LBpopView.m in Sources */ = {isa = PBXBuildFile; fileRef = E181740D20F9D04100604652 /* LBpopView.m */; };
		E181741120FA2F7300604652 /* EnvCameraInfoVC.m in Sources */ = {isa = PBXBuildFile; fileRef = E181741020FA2F7300604652 /* EnvCameraInfoVC.m */; };
		E181741420FA318600604652 /* WarnPointAnnotation.m in Sources */ = {isa = PBXBuildFile; fileRef = E181741320FA318600604652 /* WarnPointAnnotation.m */; };
		E181741720FA372C00604652 /* EnvUnitDataTimeVC.m in Sources */ = {isa = PBXBuildFile; fileRef = E181741620FA372C00604652 /* EnvUnitDataTimeVC.m */; };
		E181741A20FA3A4800604652 /* UnitDataTimeModel.m in Sources */ = {isa = PBXBuildFile; fileRef = E181741920FA3A4800604652 /* UnitDataTimeModel.m */; };
		E188A52120FAE60000B68701 /* CameraInfoModel.m in Sources */ = {isa = PBXBuildFile; fileRef = E188A52020FAE60000B68701 /* CameraInfoModel.m */; };
		E188A52420FAE68400B68701 /* NewUnitPicHourDataModel.m in Sources */ = {isa = PBXBuildFile; fileRef = E188A52320FAE68400B68701 /* NewUnitPicHourDataModel.m */; };
		E188A52820FAE7E600B68701 /* ListView.m in Sources */ = {isa = PBXBuildFile; fileRef = E188A52720FAE7E600B68701 /* ListView.m */; };
		E188A52B20FAEE9500B68701 /* HourDataView.m in Sources */ = {isa = PBXBuildFile; fileRef = E188A52A20FAEE9500B68701 /* HourDataView.m */; };
		E188A52E20FAF64300B68701 /* HistoryDataMultIndexVC.m in Sources */ = {isa = PBXBuildFile; fileRef = E188A52D20FAF64300B68701 /* HistoryDataMultIndexVC.m */; };
		E188A53120FB13AA00B68701 /* HistoryDataModel.m in Sources */ = {isa = PBXBuildFile; fileRef = E188A53020FB13AA00B68701 /* HistoryDataModel.m */; };
		E188A53420FB23B800B68701 /* HistoryViolationPictureVC.m in Sources */ = {isa = PBXBuildFile; fileRef = E188A53320FB23B800B68701 /* HistoryViolationPictureVC.m */; };
		E188A53720FB254300B68701 /* HistoryViolationCell.m in Sources */ = {isa = PBXBuildFile; fileRef = E188A53620FB254300B68701 /* HistoryViolationCell.m */; };
		E188A53A20FB26C900B68701 /* HistoryViolationPictureModel.m in Sources */ = {isa = PBXBuildFile; fileRef = E188A53920FB26C900B68701 /* HistoryViolationPictureModel.m */; };
		E1AF06C420F4A76B000E93F9 /* MBProgressHUD+PD.m in Sources */ = {isa = PBXBuildFile; fileRef = E1AF06C320F4A76B000E93F9 /* MBProgressHUD+PD.m */; };
		E1BA89A720EB1CAE002CD41B /* main.m in Sources */ = {isa = PBXBuildFile; fileRef = E1BA89A620EB1CAE002CD41B /* main.m */; };
		E1BA89AA20EB1CAE002CD41B /* AppDelegate.m in Sources */ = {isa = PBXBuildFile; fileRef = E1BA89A920EB1CAE002CD41B /* AppDelegate.m */; };
		E1BA89AD20EB1CAE002CD41B /* ViewController.m in Sources */ = {isa = PBXBuildFile; fileRef = E1BA89AC20EB1CAE002CD41B /* ViewController.m */; };
		E1BA89B220EB1CAF002CD41B /* Assets.xcassets in Resources */ = {isa = PBXBuildFile; fileRef = E1BA89B120EB1CAF002CD41B /* Assets.xcassets */; };
		E1BA89B520EB1CAF002CD41B /* LaunchScreen.storyboard in Resources */ = {isa = PBXBuildFile; fileRef = E1BA89B320EB1CAF002CD41B /* LaunchScreen.storyboard */; };
		E1BA89BE20EB1ED9002CD41B /* LoginVC.m in Sources */ = {isa = PBXBuildFile; fileRef = E1BA89BD20EB1ED9002CD41B /* LoginVC.m */; };
		E1BA89C120EB62F3002CD41B /* ConfigObj.m in Sources */ = {isa = PBXBuildFile; fileRef = E1BA89C020EB62F3002CD41B /* ConfigObj.m */; };
		E1BA89C520EB6E3F002CD41B /* iconfont.ttf in Resources */ = {isa = PBXBuildFile; fileRef = E1BA89C420EB6E3F002CD41B /* iconfont.ttf */; };
		E1BC41D620F6E96E002B4047 /* SingalObj.m in Sources */ = {isa = PBXBuildFile; fileRef = E1BC41D520F6E96E002B4047 /* SingalObj.m */; };
		E1BC41DB20F6EB4A002B4047 /* UserInfoModel.m in Sources */ = {isa = PBXBuildFile; fileRef = E1BC41DA20F6EB4A002B4047 /* UserInfoModel.m */; };
		E1BC41DE20F73276002B4047 /* NearestGkzRealModel.m in Sources */ = {isa = PBXBuildFile; fileRef = E1BC41DD20F73276002B4047 /* NearestGkzRealModel.m */; };
		E1BC41E120F74F3D002B4047 /* NearestAreaRealModel.m in Sources */ = {isa = PBXBuildFile; fileRef = E1BC41E020F74F3D002B4047 /* NearestAreaRealModel.m */; };
		E1D6CC7920F5B2F20023F0F0 /* EnvTabBarController.m in Sources */ = {isa = PBXBuildFile; fileRef = E1D6CC7820F5B2F20023F0F0 /* EnvTabBarController.m */; };
/* End PBXBuildFile section */

/* Begin PBXFileReference section */
		0EEF08007BD94CA500F24A75 /* Pods-envirdata.debug.xcconfig */ = {isa = PBXFileReference; includeInIndex = 1; lastKnownFileType = text.xcconfig; name = "Pods-envirdata.debug.xcconfig"; path = "Pods/Target Support Files/Pods-envirdata/Pods-envirdata.debug.xcconfig"; sourceTree = "<group>"; };
		24164AAE4B70419839159D9F /* Pods-envirdata.release.xcconfig */ = {isa = PBXFileReference; includeInIndex = 1; lastKnownFileType = text.xcconfig; name = "Pods-envirdata.release.xcconfig"; path = "Pods/Target Support Files/Pods-envirdata/Pods-envirdata.release.xcconfig"; sourceTree = "<group>"; };
		6C3F005BC8120EC24CB3EB75 /* libPods-envirdata.a */ = {isa = PBXFileReference; explicitFileType = archive.ar; includeInIndex = 0; path = "libPods-envirdata.a"; sourceTree = BUILT_PRODUCTS_DIR; };
		E100802320F621A200B75514 /* EnvAirQualityVC.h */ = {isa = PBXFileReference; fileEncoding = 4; lastKnownFileType = sourcecode.c.h; name = EnvAirQualityVC.h; path = AirQuality/EnvAirQualityVC.h; sourceTree = "<group>"; };
		E100802420F621A200B75514 /* EnvAirQualityVC.m */ = {isa = PBXFileReference; fileEncoding = 4; lastKnownFileType = sourcecode.c.objc; name = EnvAirQualityVC.m; path = AirQuality/EnvAirQualityVC.m; sourceTree = "<group>"; };
		E100802820F621FF00B75514 /* EnvOnlineMonVC.h */ = {isa = PBXFileReference; fileEncoding = 4; lastKnownFileType = sourcecode.c.h; name = EnvOnlineMonVC.h; path = OnlineMonitoring/EnvOnlineMonVC.h; sourceTree = "<group>"; };
		E100802920F621FF00B75514 /* EnvOnlineMonVC.m */ = {isa = PBXFileReference; fileEncoding = 4; lastKnownFileType = sourcecode.c.objc; name = EnvOnlineMonVC.m; path = OnlineMonitoring/EnvOnlineMonVC.m; sourceTree = "<group>"; };
		E100802C20F6223900B75514 /* EnvManagerVC.h */ = {isa = PBXFileReference; fileEncoding = 4; lastKnownFileType = sourcecode.c.h; name = EnvManagerVC.h; path = Management/EnvManagerVC.h; sourceTree = "<group>"; };
		E100802D20F6223900B75514 /* EnvManagerVC.m */ = {isa = PBXFileReference; fileEncoding = 4; lastKnownFileType = sourcecode.c.objc; name = EnvManagerVC.m; path = Management/EnvManagerVC.m; sourceTree = "<group>"; };
		E100803020F6226F00B75514 /* EnvAnalysisReportVC.h */ = {isa = PBXFileReference; fileEncoding = 4; lastKnownFileType = sourcecode.c.h; name = EnvAnalysisReportVC.h; path = AnalysisReport/EnvAnalysisReportVC.h; sourceTree = "<group>"; };
		E100803120F6226F00B75514 /* EnvAnalysisReportVC.m */ = {isa = PBXFileReference; fileEncoding = 4; lastKnownFileType = sourcecode.c.objc; name = EnvAnalysisReportVC.m; path = AnalysisReport/EnvAnalysisReportVC.m; sourceTree = "<group>"; };
		E100803420F622AE00B75514 /* EnvPersonalCenterVC.h */ = {isa = PBXFileReference; fileEncoding = 4; lastKnownFileType = sourcecode.c.h; name = EnvPersonalCenterVC.h; path = PersonalCenter/EnvPersonalCenterVC.h; sourceTree = "<group>"; };
		E100803520F622AE00B75514 /* EnvPersonalCenterVC.m */ = {isa = PBXFileReference; fileEncoding = 4; lastKnownFileType = sourcecode.c.objc; name = EnvPersonalCenterVC.m; path = PersonalCenter/EnvPersonalCenterVC.m; sourceTree = "<group>"; };
		E100803820F636DB00B75514 /* UIButton+Bootstrap.h */ = {isa = PBXFileReference; fileEncoding = 4; lastKnownFileType = sourcecode.c.h; name = "UIButton+Bootstrap.h"; path = "util/UIButton+Bootstrap.h"; sourceTree = "<group>"; };
		E100803920F636DB00B75514 /* UIButton+Bootstrap.m */ = {isa = PBXFileReference; fileEncoding = 4; lastKnownFileType = sourcecode.c.objc; name = "UIButton+Bootstrap.m"; path = "util/UIButton+Bootstrap.m"; sourceTree = "<group>"; };
		E12A38CD20F8C44F00085665 /* QRadioButton.h */ = {isa = PBXFileReference; fileEncoding = 4; lastKnownFileType = sourcecode.c.h; path = QRadioButton.h; sourceTree = "<group>"; };
		E12A38CE20F8C44F00085665 /* QRadioButton.m */ = {isa = PBXFileReference; fileEncoding = 4; lastKnownFileType = sourcecode.c.objc; path = QRadioButton.m; sourceTree = "<group>"; };
		E12A38CF20F8C44F00085665 /* radio_checked.png */ = {isa = PBXFileReference; lastKnownFileType = image.png; path = radio_checked.png; sourceTree = "<group>"; };
		E12A38D020F8C44F00085665 /* radio_checked@2x.png */ = {isa = PBXFileReference; lastKnownFileType = image.png; path = "radio_checked@2x.png"; sourceTree = "<group>"; };
		E12A38D120F8C44F00085665 /* radio_unchecked.png */ = {isa = PBXFileReference; lastKnownFileType = image.png; path = radio_unchecked.png; sourceTree = "<group>"; };
		E12A38D220F8C44F00085665 /* radio_unchecked@2x.png */ = {isa = PBXFileReference; lastKnownFileType = image.png; path = "radio_unchecked@2x.png"; sourceTree = "<group>"; };
		E13458E720FB640F00D6B549 /* Mcu_sdk.framework */ = {isa = PBXFileReference; lastKnownFileType = wrapper.framework; path = Mcu_sdk.framework; sourceTree = "<group>"; };
		E13458E920FB642400D6B549 /* libbz2.tbd */ = {isa = PBXFileReference; lastKnownFileType = "sourcecode.text-based-dylib-definition"; name = libbz2.tbd; path = usr/lib/libbz2.tbd; sourceTree = SDKROOT; };
		E13458EB20FB643000D6B549 /* CoreGraphics.framework */ = {isa = PBXFileReference; lastKnownFileType = wrapper.framework; name = CoreGraphics.framework; path = System/Library/Frameworks/CoreGraphics.framework; sourceTree = SDKROOT; };
		E13458ED20FB644700D6B549 /* AudioToolbox.framework */ = {isa = PBXFileReference; lastKnownFileType = wrapper.framework; name = AudioToolbox.framework; path = System/Library/Frameworks/AudioToolbox.framework; sourceTree = SDKROOT; };
		E13458EF20FB645000D6B549 /* OpenAL.framework */ = {isa = PBXFileReference; lastKnownFileType = wrapper.framework; name = OpenAL.framework; path = System/Library/Frameworks/OpenAL.framework; sourceTree = SDKROOT; };
		E13458F120FB645C00D6B549 /* OpenGLES.framework */ = {isa = PBXFileReference; lastKnownFileType = wrapper.framework; name = OpenGLES.framework; path = System/Library/Frameworks/OpenGLES.framework; sourceTree = SDKROOT; };
		E13458F320FB646700D6B549 /* VideoToolbox.framework */ = {isa = PBXFileReference; lastKnownFileType = wrapper.framework; name = VideoToolbox.framework; path = System/Library/Frameworks/VideoToolbox.framework; sourceTree = SDKROOT; };
		E13458F520FB646F00D6B549 /* CoreVideo.framework */ = {isa = PBXFileReference; lastKnownFileType = wrapper.framework; name = CoreVideo.framework; path = System/Library/Frameworks/CoreVideo.framework; sourceTree = SDKROOT; };
		E13458F720FB647900D6B549 /* CoreMedia.framework */ = {isa = PBXFileReference; lastKnownFileType = wrapper.framework; name = CoreMedia.framework; path = System/Library/Frameworks/CoreMedia.framework; sourceTree = SDKROOT; };
		E13458F920FB648100D6B549 /* GLKit.framework */ = {isa = PBXFileReference; lastKnownFileType = wrapper.framework; name = GLKit.framework; path = System/Library/Frameworks/GLKit.framework; sourceTree = SDKROOT; };
		E13458FB20FB649100D6B549 /* libiconv.tbd */ = {isa = PBXFileReference; lastKnownFileType = "sourcecode.text-based-dylib-definition"; name = libiconv.tbd; path = usr/lib/libiconv.tbd; sourceTree = SDKROOT; };
		E13458FD20FB649800D6B549 /* libz.tbd */ = {isa = PBXFileReference; lastKnownFileType = "sourcecode.text-based-dylib-definition"; name = libz.tbd; path = usr/lib/libz.tbd; sourceTree = SDKROOT; };
		E13458FF20FB64A200D6B549 /* libstdc++.6.0.9.tbd */ = {isa = PBXFileReference; lastKnownFileType = "sourcecode.text-based-dylib-definition"; name = "libstdc++.6.0.9.tbd"; path = "usr/lib/libstdc++.6.0.9.tbd"; sourceTree = SDKROOT; };
		E134590120FB64AC00D6B549 /* libstdc++.tbd */ = {isa = PBXFileReference; lastKnownFileType = "sourcecode.text-based-dylib-definition"; name = "libstdc++.tbd"; path = "usr/lib/libstdc++.tbd"; sourceTree = SDKROOT; };
		E134590320FB64B700D6B549 /* libc++.tbd */ = {isa = PBXFileReference; lastKnownFileType = "sourcecode.text-based-dylib-definition"; name = "libc++.tbd"; path = "usr/lib/libc++.tbd"; sourceTree = SDKROOT; };
		E134590620FB65C800D6B549 /* XMLReader.h */ = {isa = PBXFileReference; fileEncoding = 4; lastKnownFileType = sourcecode.c.h; path = XMLReader.h; sourceTree = "<group>"; };
		E134590720FB65C800D6B549 /* XMLReader.m */ = {isa = PBXFileReference; fileEncoding = 4; lastKnownFileType = sourcecode.c.objc; path = XMLReader.m; sourceTree = "<group>"; };
		E134590A20FB69D900D6B549 /* PlayView.h */ = {isa = PBXFileReference; fileEncoding = 4; lastKnownFileType = sourcecode.c.h; path = PlayView.h; sourceTree = "<group>"; };
		E134590B20FB69D900D6B549 /* PlayView.m */ = {isa = PBXFileReference; fileEncoding = 4; lastKnownFileType = sourcecode.c.objc; path = PlayView.m; sourceTree = "<group>"; };
		E134648820F4E98E006E4144 /* AFAppDotNetAPIClient.h */ = {isa = PBXFileReference; fileEncoding = 4; lastKnownFileType = sourcecode.c.h; name = AFAppDotNetAPIClient.h; path = util/AFAppDotNetAPIClient.h; sourceTree = "<group>"; };
		E134648920F4E98E006E4144 /* AFAppDotNetAPIClient.m */ = {isa = PBXFileReference; fileEncoding = 4; lastKnownFileType = sourcecode.c.objc; name = AFAppDotNetAPIClient.m; path = util/AFAppDotNetAPIClient.m; sourceTree = "<group>"; };
		E134648B20F4EC4D006E4144 /* ApiConfig.h */ = {isa = PBXFileReference; lastKnownFileType = sourcecode.c.h; path = ApiConfig.h; sourceTree = "<group>"; };
		E134648F20F4F0FA006E4144 /* UIViewController+util.h */ = {isa = PBXFileReference; fileEncoding = 4; lastKnownFileType = sourcecode.c.h; name = "UIViewController+util.h"; path = "util/UIViewController+util.h"; sourceTree = "<group>"; };
		E134649020F4F0FA006E4144 /* UIViewController+util.m */ = {isa = PBXFileReference; fileEncoding = 4; lastKnownFileType = sourcecode.c.objc; name = "UIViewController+util.m"; path = "util/UIViewController+util.m"; sourceTree = "<group>"; };
		E134649220F50057006E4144 /* UIKit.framework */ = {isa = PBXFileReference; lastKnownFileType = wrapper.framework; name = UIKit.framework; path = System/Library/Frameworks/UIKit.framework; sourceTree = SDKROOT; };
		E134649420F50062006E4144 /* Foundation.framework */ = {isa = PBXFileReference; lastKnownFileType = wrapper.framework; name = Foundation.framework; path = System/Library/Frameworks/Foundation.framework; sourceTree = SDKROOT; };
		E134649620F50664006E4144 /* MapKit.framework */ = {isa = PBXFileReference; lastKnownFileType = wrapper.framework; name = MapKit.framework; path = System/Library/Frameworks/MapKit.framework; sourceTree = SDKROOT; };
		E134649820F50674006E4144 /* envirdata.entitlements */ = {isa = PBXFileReference; lastKnownFileType = text.plist.entitlements; path = envirdata.entitlements; sourceTree = "<group>"; };
		E148BD0620F77FAC00872ADD /* ForecastAreaModel.h */ = {isa = PBXFileReference; fileEncoding = 4; lastKnownFileType = sourcecode.c.h; path = ForecastAreaModel.h; sourceTree = "<group>"; };
		E148BD0720F77FAC00872ADD /* ForecastAreaModel.m */ = {isa = PBXFileReference; fileEncoding = 4; lastKnownFileType = sourcecode.c.objc; path = ForecastAreaModel.m; sourceTree = "<group>"; };
		E148BD0920F78D0F00872ADD /* EnvAreaLevelVC.h */ = {isa = PBXFileReference; fileEncoding = 4; lastKnownFileType = sourcecode.c.h; name = EnvAreaLevelVC.h; path = AirQuality/EnvAreaLevelVC.h; sourceTree = "<group>"; };
		E148BD0A20F78D0F00872ADD /* EnvAreaLevelVC.m */ = {isa = PBXFileReference; fileEncoding = 4; lastKnownFileType = sourcecode.c.objc; name = EnvAreaLevelVC.m; path = AirQuality/EnvAreaLevelVC.m; sourceTree = "<group>"; };
		E148BD0C20F7927000872ADD /* SliderSwitchView.h */ = {isa = PBXFileReference; fileEncoding = 4; lastKnownFileType = sourcecode.c.h; name = SliderSwitchView.h; path = util/SliderSwitchView.h; sourceTree = "<group>"; };
		E148BD0D20F7927000872ADD /* SliderSwitchView.m */ = {isa = PBXFileReference; fileEncoding = 4; lastKnownFileType = sourcecode.c.objc; name = SliderSwitchView.m; path = util/SliderSwitchView.m; sourceTree = "<group>"; };
		E148BD0F20F7951200872ADD /* EnvAreaLevelListVC.h */ = {isa = PBXFileReference; fileEncoding = 4; lastKnownFileType = sourcecode.c.h; name = EnvAreaLevelListVC.h; path = AirQuality/EnvAreaLevelListVC.h; sourceTree = "<group>"; };
		E148BD1020F7951200872ADD /* EnvAreaLevelListVC.m */ = {isa = PBXFileReference; fileEncoding = 4; lastKnownFileType = sourcecode.c.objc; name = EnvAreaLevelListVC.m; path = AirQuality/EnvAreaLevelListVC.m; sourceTree = "<group>"; };
		E148BD1520F79ACA00872ADD /* AreaLevelModel.h */ = {isa = PBXFileReference; fileEncoding = 4; lastKnownFileType = sourcecode.c.h; path = AreaLevelModel.h; sourceTree = "<group>"; };
		E148BD1620F79ACA00872ADD /* AreaLevelModel.m */ = {isa = PBXFileReference; fileEncoding = 4; lastKnownFileType = sourcecode.c.objc; path = AreaLevelModel.m; sourceTree = "<group>"; };
		E167B3F620FB853900FD7F75 /* TaskTreeModel.h */ = {isa = PBXFileReference; fileEncoding = 4; lastKnownFileType = sourcecode.c.h; path = TaskTreeModel.h; sourceTree = "<group>"; };
		E167B3F720FB853900FD7F75 /* TaskTreeModel.m */ = {isa = PBXFileReference; fileEncoding = 4; lastKnownFileType = sourcecode.c.objc; path = TaskTreeModel.m; sourceTree = "<group>"; };
		E16EE5E920F88116007E045A /* AreaLevelCell.h */ = {isa = PBXFileReference; fileEncoding = 4; lastKnownFileType = sourcecode.c.h; name = AreaLevelCell.h; path = cells/AreaLevelCell.h; sourceTree = "<group>"; };
		E16EE5EA20F88116007E045A /* AreaLevelCell.m */ = {isa = PBXFileReference; fileEncoding = 4; lastKnownFileType = sourcecode.c.objc; name = AreaLevelCell.m; path = cells/AreaLevelCell.m; sourceTree = "<group>"; };
		E16EE5EC20F8A420007E045A /* EnvAreaLevelHistoryVC.h */ = {isa = PBXFileReference; fileEncoding = 4; lastKnownFileType = sourcecode.c.h; name = EnvAreaLevelHistoryVC.h; path = AirQuality/EnvAreaLevelHistoryVC.h; sourceTree = "<group>"; };
		E16EE5ED20F8A420007E045A /* EnvAreaLevelHistoryVC.m */ = {isa = PBXFileReference; fileEncoding = 4; lastKnownFileType = sourcecode.c.objc; name = EnvAreaLevelHistoryVC.m; path = AirQuality/EnvAreaLevelHistoryVC.m; sourceTree = "<group>"; };
		E18173F220F98ABF00604652 /* EnvOnlienListVC.h */ = {isa = PBXFileReference; fileEncoding = 4; lastKnownFileType = sourcecode.c.h; name = EnvOnlienListVC.h; path = OnlineMonitoring/EnvOnlienListVC.h; sourceTree = "<group>"; };
		E18173F320F98ABF00604652 /* EnvOnlienListVC.m */ = {isa = PBXFileReference; fileEncoding = 4; lastKnownFileType = sourcecode.c.objc; name = EnvOnlienListVC.m; path = OnlineMonitoring/EnvOnlienListVC.m; sourceTree = "<group>"; };
		E18173F520F98AD900604652 /* EnvOnlineMapVC.h */ = {isa = PBXFileReference; fileEncoding = 4; lastKnownFileType = sourcecode.c.h; name = EnvOnlineMapVC.h; path = OnlineMonitoring/EnvOnlineMapVC.h; sourceTree = "<group>"; };
		E18173F620F98AD900604652 /* EnvOnlineMapVC.mm */ = {isa = PBXFileReference; fileEncoding = 4; lastKnownFileType = sourcecode.cpp.objcpp; name = EnvOnlineMapVC.mm; path = OnlineMonitoring/EnvOnlineMapVC.mm; sourceTree = "<group>"; };
		E18173F820F996E400604652 /* OnlineCell.h */ = {isa = PBXFileReference; fileEncoding = 4; lastKnownFileType = sourcecode.c.h; name = OnlineCell.h; path = cells/OnlineCell.h; sourceTree = "<group>"; };
		E18173F920F996E400604652 /* OnlineCell.m */ = {isa = PBXFileReference; fileEncoding = 4; lastKnownFileType = sourcecode.c.objc; name = OnlineCell.m; path = cells/OnlineCell.m; sourceTree = "<group>"; };
		E18173FB20F9991E00604652 /* OnlineMonModel.h */ = {isa = PBXFileReference; fileEncoding = 4; lastKnownFileType = sourcecode.c.h; path = OnlineMonModel.h; sourceTree = "<group>"; };
		E18173FC20F9991E00604652 /* OnlineMonModel.m */ = {isa = PBXFileReference; fileEncoding = 4; lastKnownFileType = sourcecode.c.objc; path = OnlineMonModel.m; sourceTree = "<group>"; };
		E18173FE20F9A49D00604652 /* libcrypto.a */ = {isa = PBXFileReference; lastKnownFileType = archive.ar; name = libcrypto.a; path = "../../../../../Volumes/扩展内存/QQ内容下载/thirdlibs/libcrypto.a"; sourceTree = "<group>"; };
		E18173FF20F9A49D00604652 /* libssl.a */ = {isa = PBXFileReference; lastKnownFileType = archive.ar; name = libssl.a; path = "../../../../../Volumes/扩展内存/QQ内容下载/thirdlibs/libssl.a"; sourceTree = "<group>"; };
		E181740220F9B98900604652 /* StatePointAnnotation.h */ = {isa = PBXFileReference; fileEncoding = 4; lastKnownFileType = sourcecode.c.h; name = StatePointAnnotation.h; path = cells/StatePointAnnotation.h; sourceTree = "<group>"; };
		E181740320F9B98900604652 /* StatePointAnnotation.m */ = {isa = PBXFileReference; fileEncoding = 4; lastKnownFileType = sourcecode.c.objc; name = StatePointAnnotation.m; path = cells/StatePointAnnotation.m; sourceTree = "<group>"; };
		E181740520F9BB3B00604652 /* PointPointAnnotation.h */ = {isa = PBXFileReference; fileEncoding = 4; lastKnownFileType = sourcecode.c.h; name = PointPointAnnotation.h; path = cells/PointPointAnnotation.h; sourceTree = "<group>"; };
		E181740620F9BB3B00604652 /* PointPointAnnotation.m */ = {isa = PBXFileReference; fileEncoding = 4; lastKnownFileType = sourcecode.c.objc; name = PointPointAnnotation.m; path = cells/PointPointAnnotation.m; sourceTree = "<group>"; };
		E181740820F9CEF300604652 /* DkeyModel.h */ = {isa = PBXFileReference; fileEncoding = 4; lastKnownFileType = sourcecode.c.h; path = DkeyModel.h; sourceTree = "<group>"; };
		E181740920F9CEF300604652 /* DkeyModel.m */ = {isa = PBXFileReference; fileEncoding = 4; lastKnownFileType = sourcecode.c.objc; path = DkeyModel.m; sourceTree = "<group>"; };
		E181740C20F9D04100604652 /* LBpopView.h */ = {isa = PBXFileReference; fileEncoding = 4; lastKnownFileType = sourcecode.c.h; path = LBpopView.h; sourceTree = "<group>"; };
		E181740D20F9D04100604652 /* LBpopView.m */ = {isa = PBXFileReference; fileEncoding = 4; lastKnownFileType = sourcecode.c.objc; path = LBpopView.m; sourceTree = "<group>"; };
		E181740F20FA2F7300604652 /* EnvCameraInfoVC.h */ = {isa = PBXFileReference; fileEncoding = 4; lastKnownFileType = sourcecode.c.h; name = EnvCameraInfoVC.h; path = OnlineMonitoring/EnvCameraInfoVC.h; sourceTree = "<group>"; };
		E181741020FA2F7300604652 /* EnvCameraInfoVC.m */ = {isa = PBXFileReference; fileEncoding = 4; lastKnownFileType = sourcecode.c.objc; name = EnvCameraInfoVC.m; path = OnlineMonitoring/EnvCameraInfoVC.m; sourceTree = "<group>"; };
		E181741220FA318600604652 /* WarnPointAnnotation.h */ = {isa = PBXFileReference; fileEncoding = 4; lastKnownFileType = sourcecode.c.h; name = WarnPointAnnotation.h; path = cells/WarnPointAnnotation.h; sourceTree = "<group>"; };
		E181741320FA318600604652 /* WarnPointAnnotation.m */ = {isa = PBXFileReference; fileEncoding = 4; lastKnownFileType = sourcecode.c.objc; name = WarnPointAnnotation.m; path = cells/WarnPointAnnotation.m; sourceTree = "<group>"; };
		E181741520FA372C00604652 /* EnvUnitDataTimeVC.h */ = {isa = PBXFileReference; fileEncoding = 4; lastKnownFileType = sourcecode.c.h; name = EnvUnitDataTimeVC.h; path = OnlineMonitoring/EnvUnitDataTimeVC.h; sourceTree = "<group>"; };
		E181741620FA372C00604652 /* EnvUnitDataTimeVC.m */ = {isa = PBXFileReference; fileEncoding = 4; lastKnownFileType = sourcecode.c.objc; name = EnvUnitDataTimeVC.m; path = OnlineMonitoring/EnvUnitDataTimeVC.m; sourceTree = "<group>"; };
		E181741820FA3A4800604652 /* UnitDataTimeModel.h */ = {isa = PBXFileReference; fileEncoding = 4; lastKnownFileType = sourcecode.c.h; path = UnitDataTimeModel.h; sourceTree = "<group>"; };
		E181741920FA3A4800604652 /* UnitDataTimeModel.m */ = {isa = PBXFileReference; fileEncoding = 4; lastKnownFileType = sourcecode.c.objc; path = UnitDataTimeModel.m; sourceTree = "<group>"; };
		E181D85520F5FA0100219D71 /* Config.h */ = {isa = PBXFileReference; lastKnownFileType = sourcecode.c.h; path = Config.h; sourceTree = "<group>"; };
		E181D85620F5FB1900219D71 /* ColorConfig.h */ = {isa = PBXFileReference; lastKnownFileType = sourcecode.c.h; path = ColorConfig.h; sourceTree = "<group>"; };
		E188A51F20FAE60000B68701 /* CameraInfoModel.h */ = {isa = PBXFileReference; fileEncoding = 4; lastKnownFileType = sourcecode.c.h; path = CameraInfoModel.h; sourceTree = "<group>"; };
		E188A52020FAE60000B68701 /* CameraInfoModel.m */ = {isa = PBXFileReference; fileEncoding = 4; lastKnownFileType = sourcecode.c.objc; path = CameraInfoModel.m; sourceTree = "<group>"; };
		E188A52220FAE68400B68701 /* NewUnitPicHourDataModel.h */ = {isa = PBXFileReference; fileEncoding = 4; lastKnownFileType = sourcecode.c.h; path = NewUnitPicHourDataModel.h; sourceTree = "<group>"; };
		E188A52320FAE68400B68701 /* NewUnitPicHourDataModel.m */ = {isa = PBXFileReference; fileEncoding = 4; lastKnownFileType = sourcecode.c.objc; path = NewUnitPicHourDataModel.m; sourceTree = "<group>"; };
		E188A52620FAE7E600B68701 /* ListView.h */ = {isa = PBXFileReference; fileEncoding = 4; lastKnownFileType = sourcecode.c.h; name = ListView.h; path = views/ListView.h; sourceTree = "<group>"; };
		E188A52720FAE7E600B68701 /* ListView.m */ = {isa = PBXFileReference; fileEncoding = 4; lastKnownFileType = sourcecode.c.objc; name = ListView.m; path = views/ListView.m; sourceTree = "<group>"; };
		E188A52920FAEE9500B68701 /* HourDataView.h */ = {isa = PBXFileReference; fileEncoding = 4; lastKnownFileType = sourcecode.c.h; name = HourDataView.h; path = views/HourDataView.h; sourceTree = "<group>"; };
		E188A52A20FAEE9500B68701 /* HourDataView.m */ = {isa = PBXFileReference; fileEncoding = 4; lastKnownFileType = sourcecode.c.objc; name = HourDataView.m; path = views/HourDataView.m; sourceTree = "<group>"; };
		E188A52C20FAF64300B68701 /* HistoryDataMultIndexVC.h */ = {isa = PBXFileReference; fileEncoding = 4; lastKnownFileType = sourcecode.c.h; name = HistoryDataMultIndexVC.h; path = OnlineMonitoring/HistoryDataMultIndexVC.h; sourceTree = "<group>"; };
		E188A52D20FAF64300B68701 /* HistoryDataMultIndexVC.m */ = {isa = PBXFileReference; fileEncoding = 4; lastKnownFileType = sourcecode.c.objc; name = HistoryDataMultIndexVC.m; path = OnlineMonitoring/HistoryDataMultIndexVC.m; sourceTree = "<group>"; };
		E188A52F20FB13AA00B68701 /* HistoryDataModel.h */ = {isa = PBXFileReference; fileEncoding = 4; lastKnownFileType = sourcecode.c.h; path = HistoryDataModel.h; sourceTree = "<group>"; };
		E188A53020FB13AA00B68701 /* HistoryDataModel.m */ = {isa = PBXFileReference; fileEncoding = 4; lastKnownFileType = sourcecode.c.objc; path = HistoryDataModel.m; sourceTree = "<group>"; };
		E188A53220FB23B800B68701 /* HistoryViolationPictureVC.h */ = {isa = PBXFileReference; fileEncoding = 4; lastKnownFileType = sourcecode.c.h; name = HistoryViolationPictureVC.h; path = OnlineMonitoring/HistoryViolationPictureVC.h; sourceTree = "<group>"; };
		E188A53320FB23B800B68701 /* HistoryViolationPictureVC.m */ = {isa = PBXFileReference; fileEncoding = 4; lastKnownFileType = sourcecode.c.objc; name = HistoryViolationPictureVC.m; path = OnlineMonitoring/HistoryViolationPictureVC.m; sourceTree = "<group>"; };
		E188A53520FB254300B68701 /* HistoryViolationCell.h */ = {isa = PBXFileReference; fileEncoding = 4; lastKnownFileType = sourcecode.c.h; name = HistoryViolationCell.h; path = cells/HistoryViolationCell.h; sourceTree = "<group>"; };
		E188A53620FB254300B68701 /* HistoryViolationCell.m */ = {isa = PBXFileReference; fileEncoding = 4; lastKnownFileType = sourcecode.c.objc; name = HistoryViolationCell.m; path = cells/HistoryViolationCell.m; sourceTree = "<group>"; };
		E188A53820FB26C900B68701 /* HistoryViolationPictureModel.h */ = {isa = PBXFileReference; fileEncoding = 4; lastKnownFileType = sourcecode.c.h; path = HistoryViolationPictureModel.h; sourceTree = "<group>"; };
		E188A53920FB26C900B68701 /* HistoryViolationPictureModel.m */ = {isa = PBXFileReference; fileEncoding = 4; lastKnownFileType = sourcecode.c.objc; path = HistoryViolationPictureModel.m; sourceTree = "<group>"; };
		E1AF06BD20F481D5000E93F9 /* MyConstants.h */ = {isa = PBXFileReference; lastKnownFileType = sourcecode.c.h; name = MyConstants.h; path = util/MyConstants.h; sourceTree = "<group>"; };
		E1AF06C120F483C9000E93F9 /* PrefixHeader.pch */ = {isa = PBXFileReference; fileEncoding = 4; lastKnownFileType = sourcecode.c.h; path = PrefixHeader.pch; sourceTree = "<group>"; };
		E1AF06C220F4A76B000E93F9 /* MBProgressHUD+PD.h */ = {isa = PBXFileReference; fileEncoding = 4; lastKnownFileType = sourcecode.c.h; name = "MBProgressHUD+PD.h"; path = "util/MBProgressHUD+PD.h"; sourceTree = "<group>"; };
		E1AF06C320F4A76B000E93F9 /* MBProgressHUD+PD.m */ = {isa = PBXFileReference; fileEncoding = 4; lastKnownFileType = sourcecode.c.objc; name = "MBProgressHUD+PD.m"; path = "util/MBProgressHUD+PD.m"; sourceTree = "<group>"; };
		E1BA89A220EB1CAE002CD41B /* envirdata.app */ = {isa = PBXFileReference; explicitFileType = wrapper.application; includeInIndex = 0; path = envirdata.app; sourceTree = BUILT_PRODUCTS_DIR; };
		E1BA89A620EB1CAE002CD41B /* main.m */ = {isa = PBXFileReference; lastKnownFileType = sourcecode.c.objc; path = main.m; sourceTree = "<group>"; };
		E1BA89A820EB1CAE002CD41B /* AppDelegate.h */ = {isa = PBXFileReference; lastKnownFileType = sourcecode.c.h; path = AppDelegate.h; sourceTree = "<group>"; };
		E1BA89A920EB1CAE002CD41B /* AppDelegate.m */ = {isa = PBXFileReference; lastKnownFileType = sourcecode.c.objc; path = AppDelegate.m; sourceTree = "<group>"; };
		E1BA89AB20EB1CAE002CD41B /* ViewController.h */ = {isa = PBXFileReference; lastKnownFileType = sourcecode.c.h; path = ViewController.h; sourceTree = "<group>"; };
		E1BA89AC20EB1CAE002CD41B /* ViewController.m */ = {isa = PBXFileReference; lastKnownFileType = sourcecode.c.objc; path = ViewController.m; sourceTree = "<group>"; };
		E1BA89B120EB1CAF002CD41B /* Assets.xcassets */ = {isa = PBXFileReference; lastKnownFileType = folder.assetcatalog; path = Assets.xcassets; sourceTree = "<group>"; };
		E1BA89B420EB1CAF002CD41B /* Base */ = {isa = PBXFileReference; lastKnownFileType = file.storyboard; name = Base; path = Base.lproj/LaunchScreen.storyboard; sourceTree = "<group>"; };
		E1BA89B620EB1CAF002CD41B /* Info.plist */ = {isa = PBXFileReference; lastKnownFileType = text.plist.xml; path = Info.plist; sourceTree = "<group>"; };
		E1BA89BC20EB1ED9002CD41B /* LoginVC.h */ = {isa = PBXFileReference; fileEncoding = 4; lastKnownFileType = sourcecode.c.h; name = LoginVC.h; path = login/LoginVC.h; sourceTree = "<group>"; };
		E1BA89BD20EB1ED9002CD41B /* LoginVC.m */ = {isa = PBXFileReference; fileEncoding = 4; lastKnownFileType = sourcecode.c.objc; name = LoginVC.m; path = login/LoginVC.m; sourceTree = "<group>"; };
		E1BA89BF20EB62F3002CD41B /* ConfigObj.h */ = {isa = PBXFileReference; fileEncoding = 4; lastKnownFileType = sourcecode.c.h; name = ConfigObj.h; path = util/ConfigObj.h; sourceTree = "<group>"; };
		E1BA89C020EB62F3002CD41B /* ConfigObj.m */ = {isa = PBXFileReference; fileEncoding = 4; lastKnownFileType = sourcecode.c.objc; name = ConfigObj.m; path = util/ConfigObj.m; sourceTree = "<group>"; };
		E1BA89C420EB6E3F002CD41B /* iconfont.ttf */ = {isa = PBXFileReference; lastKnownFileType = file; path = iconfont.ttf; sourceTree = "<group>"; };
		E1BC41D420F6E96E002B4047 /* SingalObj.h */ = {isa = PBXFileReference; fileEncoding = 4; lastKnownFileType = sourcecode.c.h; name = SingalObj.h; path = util/SingalObj.h; sourceTree = "<group>"; };
		E1BC41D520F6E96E002B4047 /* SingalObj.m */ = {isa = PBXFileReference; fileEncoding = 4; lastKnownFileType = sourcecode.c.objc; name = SingalObj.m; path = util/SingalObj.m; sourceTree = "<group>"; };
		E1BC41D920F6EB4A002B4047 /* UserInfoModel.h */ = {isa = PBXFileReference; fileEncoding = 4; lastKnownFileType = sourcecode.c.h; path = UserInfoModel.h; sourceTree = "<group>"; };
		E1BC41DA20F6EB4A002B4047 /* UserInfoModel.m */ = {isa = PBXFileReference; fileEncoding = 4; lastKnownFileType = sourcecode.c.objc; path = UserInfoModel.m; sourceTree = "<group>"; };
		E1BC41DC20F73276002B4047 /* NearestGkzRealModel.h */ = {isa = PBXFileReference; fileEncoding = 4; lastKnownFileType = sourcecode.c.h; path = NearestGkzRealModel.h; sourceTree = "<group>"; };
		E1BC41DD20F73276002B4047 /* NearestGkzRealModel.m */ = {isa = PBXFileReference; fileEncoding = 4; lastKnownFileType = sourcecode.c.objc; path = NearestGkzRealModel.m; sourceTree = "<group>"; };
		E1BC41DF20F74F3D002B4047 /* NearestAreaRealModel.h */ = {isa = PBXFileReference; fileEncoding = 4; lastKnownFileType = sourcecode.c.h; path = NearestAreaRealModel.h; sourceTree = "<group>"; };
		E1BC41E020F74F3D002B4047 /* NearestAreaRealModel.m */ = {isa = PBXFileReference; fileEncoding = 4; lastKnownFileType = sourcecode.c.objc; path = NearestAreaRealModel.m; sourceTree = "<group>"; };
		E1D6CC7720F5B2F20023F0F0 /* EnvTabBarController.h */ = {isa = PBXFileReference; fileEncoding = 4; lastKnownFileType = sourcecode.c.h; name = EnvTabBarController.h; path = TabBarController/EnvTabBarController.h; sourceTree = "<group>"; };
		E1D6CC7820F5B2F20023F0F0 /* EnvTabBarController.m */ = {isa = PBXFileReference; fileEncoding = 4; lastKnownFileType = sourcecode.c.objc; name = EnvTabBarController.m; path = TabBarController/EnvTabBarController.m; sourceTree = "<group>"; };
/* End PBXFileReference section */

/* Begin PBXFrameworksBuildPhase section */
		E1BA899F20EB1CAE002CD41B /* Frameworks */ = {
			isa = PBXFrameworksBuildPhase;
			buildActionMask = 2147483647;
			files = (
				E134590420FB64B700D6B549 /* libc++.tbd in Frameworks */,
				E134590220FB64AC00D6B549 /* libstdc++.tbd in Frameworks */,
				E134590020FB64A200D6B549 /* libstdc++.6.0.9.tbd in Frameworks */,
				E13458FE20FB649800D6B549 /* libz.tbd in Frameworks */,
				E13458FC20FB649100D6B549 /* libiconv.tbd in Frameworks */,
				E13458FA20FB648100D6B549 /* GLKit.framework in Frameworks */,
				E13458F820FB647900D6B549 /* CoreMedia.framework in Frameworks */,
				E13458F620FB646F00D6B549 /* CoreVideo.framework in Frameworks */,
				E13458F420FB646700D6B549 /* VideoToolbox.framework in Frameworks */,
				E13458F220FB645C00D6B549 /* OpenGLES.framework in Frameworks */,
				E13458F020FB645000D6B549 /* OpenAL.framework in Frameworks */,
				E13458EE20FB644700D6B549 /* AudioToolbox.framework in Frameworks */,
				E134649320F50057006E4144 /* UIKit.framework in Frameworks */,
				E13458EC20FB643000D6B549 /* CoreGraphics.framework in Frameworks */,
				E13458EA20FB642400D6B549 /* libbz2.tbd in Frameworks */,
				E181740020F9A49D00604652 /* libcrypto.a in Frameworks */,
				E13458E820FB640F00D6B549 /* Mcu_sdk.framework in Frameworks */,
				E181740120F9A49D00604652 /* libssl.a in Frameworks */,
				E134649520F50062006E4144 /* Foundation.framework in Frameworks */,
				E134649720F50664006E4144 /* MapKit.framework in Frameworks */,
				1F109A17AD132AD2EEF97DEA /* libPods-envirdata.a in Frameworks */,
			);
			runOnlyForDeploymentPostprocessing = 0;
		};
/* End PBXFrameworksBuildPhase section */

/* Begin PBXGroup section */
		BC03B9AAE6C1B1C6EA3E8BA9 /* Frameworks */ = {
			isa = PBXGroup;
			children = (
				E134590320FB64B700D6B549 /* libc++.tbd */,
				E134590120FB64AC00D6B549 /* libstdc++.tbd */,
				E13458FF20FB64A200D6B549 /* libstdc++.6.0.9.tbd */,
				E13458FD20FB649800D6B549 /* libz.tbd */,
				E13458FB20FB649100D6B549 /* libiconv.tbd */,
				E13458F920FB648100D6B549 /* GLKit.framework */,
				E13458F720FB647900D6B549 /* CoreMedia.framework */,
				E13458F520FB646F00D6B549 /* CoreVideo.framework */,
				E13458F320FB646700D6B549 /* VideoToolbox.framework */,
				E13458F120FB645C00D6B549 /* OpenGLES.framework */,
				E13458EF20FB645000D6B549 /* OpenAL.framework */,
				E13458ED20FB644700D6B549 /* AudioToolbox.framework */,
				E13458EB20FB643000D6B549 /* CoreGraphics.framework */,
				E13458E920FB642400D6B549 /* libbz2.tbd */,
				E13458E720FB640F00D6B549 /* Mcu_sdk.framework */,
				E18173FE20F9A49D00604652 /* libcrypto.a */,
				E18173FF20F9A49D00604652 /* libssl.a */,
				E134649620F50664006E4144 /* MapKit.framework */,
				E134649420F50062006E4144 /* Foundation.framework */,
				E134649220F50057006E4144 /* UIKit.framework */,
				6C3F005BC8120EC24CB3EB75 /* libPods-envirdata.a */,
			);
			name = Frameworks;
			sourceTree = "<group>";
		};
		E100802620F621A800B75514 /* AirQuality */ = {
			isa = PBXGroup;
			children = (
				E100802320F621A200B75514 /* EnvAirQualityVC.h */,
				E100802420F621A200B75514 /* EnvAirQualityVC.m */,
				E148BD0920F78D0F00872ADD /* EnvAreaLevelVC.h */,
				E148BD0A20F78D0F00872ADD /* EnvAreaLevelVC.m */,
				E148BD0F20F7951200872ADD /* EnvAreaLevelListVC.h */,
				E148BD1020F7951200872ADD /* EnvAreaLevelListVC.m */,
				E16EE5EC20F8A420007E045A /* EnvAreaLevelHistoryVC.h */,
				E16EE5ED20F8A420007E045A /* EnvAreaLevelHistoryVC.m */,
			);
			name = AirQuality;
			sourceTree = "<group>";
		};
		E100802720F621D500B75514 /* OnlineMonitoring */ = {
			isa = PBXGroup;
			children = (
				E100802820F621FF00B75514 /* EnvOnlineMonVC.h */,
				E100802920F621FF00B75514 /* EnvOnlineMonVC.m */,
				E18173F220F98ABF00604652 /* EnvOnlienListVC.h */,
				E18173F320F98ABF00604652 /* EnvOnlienListVC.m */,
				E18173F520F98AD900604652 /* EnvOnlineMapVC.h */,
				E18173F620F98AD900604652 /* EnvOnlineMapVC.mm */,
				E181740F20FA2F7300604652 /* EnvCameraInfoVC.h */,
				E181741020FA2F7300604652 /* EnvCameraInfoVC.m */,
				E181741520FA372C00604652 /* EnvUnitDataTimeVC.h */,
				E181741620FA372C00604652 /* EnvUnitDataTimeVC.m */,
				E188A52C20FAF64300B68701 /* HistoryDataMultIndexVC.h */,
				E188A52D20FAF64300B68701 /* HistoryDataMultIndexVC.m */,
				E188A53220FB23B800B68701 /* HistoryViolationPictureVC.h */,
				E188A53320FB23B800B68701 /* HistoryViolationPictureVC.m */,
			);
			name = OnlineMonitoring;
			sourceTree = "<group>";
		};
		E100802B20F6220D00B75514 /* Management */ = {
			isa = PBXGroup;
			children = (
				E100802C20F6223900B75514 /* EnvManagerVC.h */,
				E100802D20F6223900B75514 /* EnvManagerVC.m */,
			);
			name = Management;
			sourceTree = "<group>";
		};
		E100802F20F6224700B75514 /* AnalysisReport */ = {
			isa = PBXGroup;
			children = (
				E100803020F6226F00B75514 /* EnvAnalysisReportVC.h */,
				E100803120F6226F00B75514 /* EnvAnalysisReportVC.m */,
			);
			name = AnalysisReport;
			sourceTree = "<group>";
		};
		E100803320F6227A00B75514 /* Personal */ = {
			isa = PBXGroup;
			children = (
				E100803420F622AE00B75514 /* EnvPersonalCenterVC.h */,
				E100803520F622AE00B75514 /* EnvPersonalCenterVC.m */,
			);
			name = Personal;
			sourceTree = "<group>";
		};
		E12A38CC20F8C44F00085665 /* QRadioButton */ = {
			isa = PBXGroup;
			children = (
				E12A38CD20F8C44F00085665 /* QRadioButton.h */,
				E12A38CE20F8C44F00085665 /* QRadioButton.m */,
				E12A38CF20F8C44F00085665 /* radio_checked.png */,
				E12A38D020F8C44F00085665 /* radio_checked@2x.png */,
				E12A38D120F8C44F00085665 /* radio_unchecked.png */,
				E12A38D220F8C44F00085665 /* radio_unchecked@2x.png */,
			);
			name = QRadioButton;
			path = util/QRadioButton;
			sourceTree = "<group>";
		};
		E134590520FB65C800D6B549 /* XmlReader */ = {
			isa = PBXGroup;
			children = (
				E134590620FB65C800D6B549 /* XMLReader.h */,
				E134590720FB65C800D6B549 /* XMLReader.m */,
			);
			name = XmlReader;
			path = util/XmlReader;
			sourceTree = "<group>";
		};
		E134590920FB69D900D6B549 /* Mcu */ = {
			isa = PBXGroup;
			children = (
				E134590A20FB69D900D6B549 /* PlayView.h */,
				E134590B20FB69D900D6B549 /* PlayView.m */,
			);
			name = Mcu;
			path = views/Mcu;
			sourceTree = "<group>";
		};
		E16EE5E820F880EA007E045A /* cells */ = {
			isa = PBXGroup;
			children = (
				E16EE5E920F88116007E045A /* AreaLevelCell.h */,
				E16EE5EA20F88116007E045A /* AreaLevelCell.m */,
				E18173F820F996E400604652 /* OnlineCell.h */,
				E18173F920F996E400604652 /* OnlineCell.m */,
				E181740220F9B98900604652 /* StatePointAnnotation.h */,
				E181740320F9B98900604652 /* StatePointAnnotation.m */,
				E181740520F9BB3B00604652 /* PointPointAnnotation.h */,
				E181740620F9BB3B00604652 /* PointPointAnnotation.m */,
				E181741220FA318600604652 /* WarnPointAnnotation.h */,
				E181741320FA318600604652 /* WarnPointAnnotation.m */,
				E188A53520FB254300B68701 /* HistoryViolationCell.h */,
				E188A53620FB254300B68701 /* HistoryViolationCell.m */,
			);
			name = cells;
			sourceTree = "<group>";
		};
		E181740B20F9D04100604652 /* PopView */ = {
			isa = PBXGroup;
			children = (
				E181740C20F9D04100604652 /* LBpopView.h */,
				E181740D20F9D04100604652 /* LBpopView.m */,
			);
			name = PopView;
			path = util/PopView;
			sourceTree = "<group>";
		};
		E181D85720F6016400219D71 /* login */ = {
			isa = PBXGroup;
			children = (
				E1BA89BC20EB1ED9002CD41B /* LoginVC.h */,
				E1BA89BD20EB1ED9002CD41B /* LoginVC.m */,
			);
			name = login;
			sourceTree = "<group>";
		};
		E188A52520FAE7AD00B68701 /* views */ = {
			isa = PBXGroup;
			children = (
				E134590920FB69D900D6B549 /* Mcu */,
				E188A52620FAE7E600B68701 /* ListView.h */,
				E188A52720FAE7E600B68701 /* ListView.m */,
				E188A52920FAEE9500B68701 /* HourDataView.h */,
				E188A52A20FAEE9500B68701 /* HourDataView.m */,
			);
			name = views;
			sourceTree = "<group>";
		};
		E1AF06BC20F481A7000E93F9 /* config */ = {
			isa = PBXGroup;
			children = (
				E134590520FB65C800D6B549 /* XmlReader */,
				E181740B20F9D04100604652 /* PopView */,
				E12A38CC20F8C44F00085665 /* QRadioButton */,
				E148BD0C20F7927000872ADD /* SliderSwitchView.h */,
				E148BD0D20F7927000872ADD /* SliderSwitchView.m */,
				E1BA89BF20EB62F3002CD41B /* ConfigObj.h */,
				E1BA89C020EB62F3002CD41B /* ConfigObj.m */,
				E1AF06BD20F481D5000E93F9 /* MyConstants.h */,
				E1AF06C220F4A76B000E93F9 /* MBProgressHUD+PD.h */,
				E1AF06C320F4A76B000E93F9 /* MBProgressHUD+PD.m */,
				E134648820F4E98E006E4144 /* AFAppDotNetAPIClient.h */,
				E134648920F4E98E006E4144 /* AFAppDotNetAPIClient.m */,
				E134648B20F4EC4D006E4144 /* ApiConfig.h */,
				E134648F20F4F0FA006E4144 /* UIViewController+util.h */,
				E134649020F4F0FA006E4144 /* UIViewController+util.m */,
				E181D85520F5FA0100219D71 /* Config.h */,
				E181D85620F5FB1900219D71 /* ColorConfig.h */,
				E100803820F636DB00B75514 /* UIButton+Bootstrap.h */,
				E100803920F636DB00B75514 /* UIButton+Bootstrap.m */,
				E1BC41D420F6E96E002B4047 /* SingalObj.h */,
				E1BC41D520F6E96E002B4047 /* SingalObj.m */,
			);
			name = config;
			sourceTree = "<group>";
		};
		E1AF06C020F483C9000E93F9 /* files */ = {
			isa = PBXGroup;
			children = (
				E1AF06C120F483C9000E93F9 /* PrefixHeader.pch */,
			);
			path = files;
			sourceTree = "<group>";
		};
		E1BA899920EB1CAD002CD41B = {
			isa = PBXGroup;
			children = (
				E1AF06C020F483C9000E93F9 /* files */,
				E1BA89A420EB1CAE002CD41B /* envirdata */,
				E1BA89A320EB1CAE002CD41B /* Products */,
				F4A2AD87595706B82B99F8DE /* Pods */,
				BC03B9AAE6C1B1C6EA3E8BA9 /* Frameworks */,
			);
			sourceTree = "<group>";
		};
		E1BA89A320EB1CAE002CD41B /* Products */ = {
			isa = PBXGroup;
			children = (
				E1BA89A220EB1CAE002CD41B /* envirdata.app */,
			);
			name = Products;
			sourceTree = "<group>";
		};
		E1BA89A420EB1CAE002CD41B /* envirdata */ = {
			isa = PBXGroup;
			children = (
				E188A52520FAE7AD00B68701 /* views */,
				E16EE5E820F880EA007E045A /* cells */,
				E1BC41D820F6EB30002B4047 /* entity */,
				E100803320F6227A00B75514 /* Personal */,
				E100802F20F6224700B75514 /* AnalysisReport */,
				E100802B20F6220D00B75514 /* Management */,
				E100802720F621D500B75514 /* OnlineMonitoring */,
				E100802620F621A800B75514 /* AirQuality */,
				E181D85720F6016400219D71 /* login */,
				E1D6CC7620F5B2A30023F0F0 /* TabBarController */,
				E134649820F50674006E4144 /* envirdata.entitlements */,
				E1AF06BC20F481A7000E93F9 /* config */,
				E1BA89C220EB65A5002CD41B /* Iconfont */,
				E1BA89A820EB1CAE002CD41B /* AppDelegate.h */,
				E1BA89A920EB1CAE002CD41B /* AppDelegate.m */,
				E1BA89AB20EB1CAE002CD41B /* ViewController.h */,
				E1BA89AC20EB1CAE002CD41B /* ViewController.m */,
				E1BA89B120EB1CAF002CD41B /* Assets.xcassets */,
				E1BA89B320EB1CAF002CD41B /* LaunchScreen.storyboard */,
				E1BA89B620EB1CAF002CD41B /* Info.plist */,
				E1BA89A520EB1CAE002CD41B /* Supporting Files */,
			);
			path = envirdata;
			sourceTree = "<group>";
		};
		E1BA89A520EB1CAE002CD41B /* Supporting Files */ = {
			isa = PBXGroup;
			children = (
				E1BA89A620EB1CAE002CD41B /* main.m */,
			);
			name = "Supporting Files";
			sourceTree = "<group>";
		};
		E1BA89C220EB65A5002CD41B /* Iconfont */ = {
			isa = PBXGroup;
			children = (
				E1BA89C420EB6E3F002CD41B /* iconfont.ttf */,
			);
			name = Iconfont;
			sourceTree = "<group>";
		};
		E1BC41D820F6EB30002B4047 /* entity */ = {
			isa = PBXGroup;
			children = (
				E167B3F620FB853900FD7F75 /* TaskTreeModel.h */,
				E167B3F720FB853900FD7F75 /* TaskTreeModel.m */,
				E188A53820FB26C900B68701 /* HistoryViolationPictureModel.h */,
				E188A53920FB26C900B68701 /* HistoryViolationPictureModel.m */,
				E188A52F20FB13AA00B68701 /* HistoryDataModel.h */,
				E188A53020FB13AA00B68701 /* HistoryDataModel.m */,
				E188A52220FAE68400B68701 /* NewUnitPicHourDataModel.h */,
				E188A52320FAE68400B68701 /* NewUnitPicHourDataModel.m */,
				E188A51F20FAE60000B68701 /* CameraInfoModel.h */,
				E188A52020FAE60000B68701 /* CameraInfoModel.m */,
				E181741820FA3A4800604652 /* UnitDataTimeModel.h */,
				E181741920FA3A4800604652 /* UnitDataTimeModel.m */,
				E18173FB20F9991E00604652 /* OnlineMonModel.h */,
				E18173FC20F9991E00604652 /* OnlineMonModel.m */,
				E148BD1520F79ACA00872ADD /* AreaLevelModel.h */,
				E148BD1620F79ACA00872ADD /* AreaLevelModel.m */,
				E148BD0620F77FAC00872ADD /* ForecastAreaModel.h */,
				E148BD0720F77FAC00872ADD /* ForecastAreaModel.m */,
				E1BC41DF20F74F3D002B4047 /* NearestAreaRealModel.h */,
				E1BC41E020F74F3D002B4047 /* NearestAreaRealModel.m */,
				E1BC41DC20F73276002B4047 /* NearestGkzRealModel.h */,
				E1BC41DD20F73276002B4047 /* NearestGkzRealModel.m */,
				E1BC41D920F6EB4A002B4047 /* UserInfoModel.h */,
				E1BC41DA20F6EB4A002B4047 /* UserInfoModel.m */,
				E181740820F9CEF300604652 /* DkeyModel.h */,
				E181740920F9CEF300604652 /* DkeyModel.m */,
			);
			path = entity;
			sourceTree = "<group>";
		};
		E1D6CC7620F5B2A30023F0F0 /* TabBarController */ = {
			isa = PBXGroup;
			children = (
				E1D6CC7720F5B2F20023F0F0 /* EnvTabBarController.h */,
				E1D6CC7820F5B2F20023F0F0 /* EnvTabBarController.m */,
			);
			name = TabBarController;
			sourceTree = "<group>";
		};
		F4A2AD87595706B82B99F8DE /* Pods */ = {
			isa = PBXGroup;
			children = (
				0EEF08007BD94CA500F24A75 /* Pods-envirdata.debug.xcconfig */,
				24164AAE4B70419839159D9F /* Pods-envirdata.release.xcconfig */,
			);
			name = Pods;
			sourceTree = "<group>";
		};
/* End PBXGroup section */

/* Begin PBXNativeTarget section */
		E1BA89A120EB1CAE002CD41B /* envirdata */ = {
			isa = PBXNativeTarget;
			buildConfigurationList = E1BA89B920EB1CAF002CD41B /* Build configuration list for PBXNativeTarget "envirdata" */;
			buildPhases = (
				D5A0CD350FA60DFB84B733CF /* [CP] Check Pods Manifest.lock */,
				E1BA899E20EB1CAE002CD41B /* Sources */,
				E1BA899F20EB1CAE002CD41B /* Frameworks */,
				E1BA89A020EB1CAE002CD41B /* Resources */,
				BCC5470E1F4B394C91331657 /* [CP] Copy Pods Resources */,
			);
			buildRules = (
			);
			dependencies = (
			);
			name = envirdata;
			productName = envirdata;
			productReference = E1BA89A220EB1CAE002CD41B /* envirdata.app */;
			productType = "com.apple.product-type.application";
		};
/* End PBXNativeTarget section */

/* Begin PBXProject section */
		E1BA899A20EB1CAD002CD41B /* Project object */ = {
			isa = PBXProject;
			attributes = {
				CLASSPREFIX = Env;
				LastUpgradeCheck = 0820;
				ORGANIZATIONNAME = "熊佳佳";
				TargetAttributes = {
					E1BA89A120EB1CAE002CD41B = {
						CreatedOnToolsVersion = 8.2.1;
						DevelopmentTeam = 3AD3NZVGH6;
						ProvisioningStyle = Automatic;
						SystemCapabilities = {
							com.apple.BackgroundModes = {
								enabled = 1;
							};
							com.apple.Maps.iOS = {
								enabled = 0;
							};
							com.apple.Push = {
								enabled = 1;
							};
							com.apple.Siri = {
								enabled = 0;
							};
						};
					};
				};
			};
			buildConfigurationList = E1BA899D20EB1CAD002CD41B /* Build configuration list for PBXProject "envirdata" */;
			compatibilityVersion = "Xcode 8.0";
			developmentRegion = English;
			hasScannedForEncodings = 0;
			knownRegions = (
				en,
				Base,
			);
			mainGroup = E1BA899920EB1CAD002CD41B;
			productRefGroup = E1BA89A320EB1CAE002CD41B /* Products */;
			projectDirPath = "";
			projectRoot = "";
			targets = (
				E1BA89A120EB1CAE002CD41B /* envirdata */,
			);
		};
/* End PBXProject section */

/* Begin PBXResourcesBuildPhase section */
		E1BA89A020EB1CAE002CD41B /* Resources */ = {
			isa = PBXResourcesBuildPhase;
			buildActionMask = 2147483647;
			files = (
				E12A38D720F8C44F00085665 /* radio_unchecked@2x.png in Resources */,
				E12A38D620F8C44F00085665 /* radio_unchecked.png in Resources */,
				E12A38D520F8C44F00085665 /* radio_checked@2x.png in Resources */,
				E1BA89C520EB6E3F002CD41B /* iconfont.ttf in Resources */,
				E12A38D420F8C44F00085665 /* radio_checked.png in Resources */,
				E1BA89B520EB1CAF002CD41B /* LaunchScreen.storyboard in Resources */,
				E1BA89B220EB1CAF002CD41B /* Assets.xcassets in Resources */,
			);
			runOnlyForDeploymentPostprocessing = 0;
		};
/* End PBXResourcesBuildPhase section */

/* Begin PBXShellScriptBuildPhase section */
		BCC5470E1F4B394C91331657 /* [CP] Copy Pods Resources */ = {
			isa = PBXShellScriptBuildPhase;
			buildActionMask = 2147483647;
			files = (
			);
			inputPaths = (
				"${SRCROOT}/Pods/Target Support Files/Pods-envirdata/Pods-envirdata-resources.sh",
				"${PODS_ROOT}/BaiduMapKit/BaiduMapKit/BaiduMapAPI_Map.framework/Resources/mapapi.bundle",
				"${PODS_ROOT}/GKPhotoBrowser/GKPhotoBrowser/GKPhotoBrowser.bundle",
				"${PODS_ROOT}/IQKeyboardManager/IQKeyboardManager/Resources/IQKeyboardManager.bundle",
				"${PODS_ROOT}/MJRefresh/MJRefresh/MJRefresh.bundle",
				"${PODS_ROOT}/PGDatePicker/PGDatePicker/PGDatePicker.bundle",
				"${PODS_ROOT}/SVProgressHUD/SVProgressHUD/SVProgressHUD.bundle",
				"${PODS_CONFIGURATION_BUILD_DIR}/iOS-Echarts/iOS-Echarts.bundle",
			);
			name = "[CP] Copy Pods Resources";
			outputPaths = (
				"${TARGET_BUILD_DIR}/${UNLOCALIZED_RESOURCES_FOLDER_PATH}/mapapi.bundle",
				"${TARGET_BUILD_DIR}/${UNLOCALIZED_RESOURCES_FOLDER_PATH}/GKPhotoBrowser.bundle",
				"${TARGET_BUILD_DIR}/${UNLOCALIZED_RESOURCES_FOLDER_PATH}/IQKeyboardManager.bundle",
				"${TARGET_BUILD_DIR}/${UNLOCALIZED_RESOURCES_FOLDER_PATH}/MJRefresh.bundle",
				"${TARGET_BUILD_DIR}/${UNLOCALIZED_RESOURCES_FOLDER_PATH}/PGDatePicker.bundle",
				"${TARGET_BUILD_DIR}/${UNLOCALIZED_RESOURCES_FOLDER_PATH}/SVProgressHUD.bundle",
				"${TARGET_BUILD_DIR}/${UNLOCALIZED_RESOURCES_FOLDER_PATH}/iOS-Echarts.bundle",
			);
			runOnlyForDeploymentPostprocessing = 0;
			shellPath = /bin/sh;
			shellScript = "\"${SRCROOT}/Pods/Target Support Files/Pods-envirdata/Pods-envirdata-resources.sh\"\n";
			showEnvVarsInLog = 0;
		};
		D5A0CD350FA60DFB84B733CF /* [CP] Check Pods Manifest.lock */ = {
			isa = PBXShellScriptBuildPhase;
			buildActionMask = 2147483647;
			files = (
			);
			inputPaths = (
				"${PODS_PODFILE_DIR_PATH}/Podfile.lock",
				"${PODS_ROOT}/Manifest.lock",
			);
			name = "[CP] Check Pods Manifest.lock";
			outputPaths = (
				"$(DERIVED_FILE_DIR)/Pods-envirdata-checkManifestLockResult.txt",
			);
			runOnlyForDeploymentPostprocessing = 0;
			shellPath = /bin/sh;
			shellScript = "diff \"${PODS_PODFILE_DIR_PATH}/Podfile.lock\" \"${PODS_ROOT}/Manifest.lock\" > /dev/null\nif [ $? != 0 ] ; then\n    # print error to STDERR\n    echo \"error: The sandbox is not in sync with the Podfile.lock. Run 'pod install' or update your CocoaPods installation.\" >&2\n    exit 1\nfi\n# This output is used by Xcode 'outputs' to avoid re-running this script phase.\necho \"SUCCESS\" > \"${SCRIPT_OUTPUT_FILE_0}\"\n";
			showEnvVarsInLog = 0;
		};
/* End PBXShellScriptBuildPhase section */

/* Begin PBXSourcesBuildPhase section */
		E1BA899E20EB1CAE002CD41B /* Sources */ = {
			isa = PBXSourcesBuildPhase;
			buildActionMask = 2147483647;
			files = (
				E1BA89C120EB62F3002CD41B /* ConfigObj.m in Sources */,
				E100802A20F621FF00B75514 /* EnvOnlineMonVC.m in Sources */,
				E100803220F6226F00B75514 /* EnvAnalysisReportVC.m in Sources */,
				E181741A20FA3A4800604652 /* UnitDataTimeModel.m in Sources */,
				E181741420FA318600604652 /* WarnPointAnnotation.m in Sources */,
				E100803620F622AE00B75514 /* EnvPersonalCenterVC.m in Sources */,
				E181740720F9BB3B00604652 /* PointPointAnnotation.m in Sources */,
				E148BD1120F7951200872ADD /* EnvAreaLevelListVC.m in Sources */,
				E1BA89AD20EB1CAE002CD41B /* ViewController.m in Sources */,
				E1BA89AA20EB1CAE002CD41B /* AppDelegate.m in Sources */,
				E188A53420FB23B800B68701 /* HistoryViolationPictureVC.m in Sources */,
				E1D6CC7920F5B2F20023F0F0 /* EnvTabBarController.m in Sources */,
				E1AF06C420F4A76B000E93F9 /* MBProgressHUD+PD.m in Sources */,
				E134590820FB65C800D6B549 /* XMLReader.m in Sources */,
				E188A53A20FB26C900B68701 /* HistoryViolationPictureModel.m in Sources */,
				E1BA89BE20EB1ED9002CD41B /* LoginVC.m in Sources */,
				E18173FA20F996E400604652 /* OnlineCell.m in Sources */,
				E188A52420FAE68400B68701 /* NewUnitPicHourDataModel.m in Sources */,
				E1BC41E120F74F3D002B4047 /* NearestAreaRealModel.m in Sources */,
				E1BA89A720EB1CAE002CD41B /* main.m in Sources */,
				E188A53720FB254300B68701 /* HistoryViolationCell.m in Sources */,
				E18173F720F98AD900604652 /* EnvOnlineMapVC.mm in Sources */,
				E188A52E20FAF64300B68701 /* HistoryDataMultIndexVC.m in Sources */,
				E1BC41DB20F6EB4A002B4047 /* UserInfoModel.m in Sources */,
				E16EE5EE20F8A421007E045A /* EnvAreaLevelHistoryVC.m in Sources */,
				E188A52B20FAEE9500B68701 /* HourDataView.m in Sources */,
				E148BD1720F79ACA00872ADD /* AreaLevelModel.m in Sources */,
				E1BC41DE20F73276002B4047 /* NearestGkzRealModel.m in Sources */,
				E181740E20F9D04100604652 /* LBpopView.m in Sources */,
				E16EE5EB20F88116007E045A /* AreaLevelCell.m in Sources */,
				E148BD0B20F78D0F00872ADD /* EnvAreaLevelVC.m in Sources */,
				E134648A20F4E98E006E4144 /* AFAppDotNetAPIClient.m in Sources */,
				E18173F420F98ABF00604652 /* EnvOnlienListVC.m in Sources */,
				E188A52120FAE60000B68701 /* CameraInfoModel.m in Sources */,
				E134590C20FB69D900D6B549 /* PlayView.m in Sources */,
				E148BD0E20F7927000872ADD /* SliderSwitchView.m in Sources */,
				E181740420F9B98900604652 /* StatePointAnnotation.m in Sources */,
				E18173FD20F9991E00604652 /* OnlineMonModel.m in Sources */,
				E181741120FA2F7300604652 /* EnvCameraInfoVC.m in Sources */,
				E181740A20F9CEF300604652 /* DkeyModel.m in Sources */,
				E167B3F820FB853900FD7F75 /* TaskTreeModel.m in Sources */,
				E188A53120FB13AA00B68701 /* HistoryDataModel.m in Sources */,
				E134649120F4F0FA006E4144 /* UIViewController+util.m in Sources */,
				E188A52820FAE7E600B68701 /* ListView.m in Sources */,
				E148BD0820F77FAC00872ADD /* ForecastAreaModel.m in Sources */,
				E100803A20F636DB00B75514 /* UIButton+Bootstrap.m in Sources */,
				E181741720FA372C00604652 /* EnvUnitDataTimeVC.m in Sources */,
				E100802E20F6223900B75514 /* EnvManagerVC.m in Sources */,
				E12A38D320F8C44F00085665 /* QRadioButton.m in Sources */,
				E100802520F621A300B75514 /* EnvAirQualityVC.m in Sources */,
				E1BC41D620F6E96E002B4047 /* SingalObj.m in Sources */,
			);
			runOnlyForDeploymentPostprocessing = 0;
		};
/* End PBXSourcesBuildPhase section */

/* Begin PBXVariantGroup section */
		E1BA89B320EB1CAF002CD41B /* LaunchScreen.storyboard */ = {
			isa = PBXVariantGroup;
			children = (
				E1BA89B420EB1CAF002CD41B /* Base */,
			);
			name = LaunchScreen.storyboard;
			sourceTree = "<group>";
		};
/* End PBXVariantGroup section */

/* Begin XCBuildConfiguration section */
		E1BA89B720EB1CAF002CD41B /* Debug */ = {
			isa = XCBuildConfiguration;
			buildSettings = {
				ALWAYS_SEARCH_USER_PATHS = NO;
				CLANG_ANALYZER_NONNULL = YES;
				CLANG_CXX_LANGUAGE_STANDARD = "gnu++0x";
				CLANG_CXX_LIBRARY = "libc++";
				CLANG_ENABLE_MODULES = YES;
				CLANG_ENABLE_OBJC_ARC = YES;
				CLANG_WARN_BOOL_CONVERSION = YES;
				CLANG_WARN_CONSTANT_CONVERSION = YES;
				CLANG_WARN_DIRECT_OBJC_ISA_USAGE = YES_ERROR;
				CLANG_WARN_DOCUMENTATION_COMMENTS = YES;
				CLANG_WARN_EMPTY_BODY = YES;
				CLANG_WARN_ENUM_CONVERSION = YES;
				CLANG_WARN_INFINITE_RECURSION = YES;
				CLANG_WARN_INT_CONVERSION = YES;
				CLANG_WARN_OBJC_ROOT_CLASS = YES_ERROR;
				CLANG_WARN_SUSPICIOUS_MOVE = YES;
				CLANG_WARN_UNREACHABLE_CODE = YES;
				CLANG_WARN__DUPLICATE_METHOD_MATCH = YES;
				"CODE_SIGN_IDENTITY[sdk=iphoneos*]" = "iPhone Developer";
				COPY_PHASE_STRIP = NO;
				DEBUG_INFORMATION_FORMAT = dwarf;
				ENABLE_STRICT_OBJC_MSGSEND = YES;
				ENABLE_TESTABILITY = YES;
				GCC_C_LANGUAGE_STANDARD = gnu99;
				GCC_DYNAMIC_NO_PIC = NO;
				GCC_NO_COMMON_BLOCKS = YES;
				GCC_OPTIMIZATION_LEVEL = 0;
				GCC_PREPROCESSOR_DEFINITIONS = (
					"DEBUG=1",
					"$(inherited)",
				);
				GCC_WARN_64_TO_32_BIT_CONVERSION = YES;
				GCC_WARN_ABOUT_RETURN_TYPE = YES_ERROR;
				GCC_WARN_UNDECLARED_SELECTOR = YES;
				GCC_WARN_UNINITIALIZED_AUTOS = YES_AGGRESSIVE;
				GCC_WARN_UNUSED_FUNCTION = YES;
				GCC_WARN_UNUSED_VARIABLE = YES;
				IPHONEOS_DEPLOYMENT_TARGET = 10.2;
				MTL_ENABLE_DEBUG_INFO = YES;
				ONLY_ACTIVE_ARCH = YES;
				SDKROOT = iphoneos;
				TARGETED_DEVICE_FAMILY = "1,2";
			};
			name = Debug;
		};
		E1BA89B820EB1CAF002CD41B /* Release */ = {
			isa = XCBuildConfiguration;
			buildSettings = {
				ALWAYS_SEARCH_USER_PATHS = NO;
				CLANG_ANALYZER_NONNULL = YES;
				CLANG_CXX_LANGUAGE_STANDARD = "gnu++0x";
				CLANG_CXX_LIBRARY = "libc++";
				CLANG_ENABLE_MODULES = YES;
				CLANG_ENABLE_OBJC_ARC = YES;
				CLANG_WARN_BOOL_CONVERSION = YES;
				CLANG_WARN_CONSTANT_CONVERSION = YES;
				CLANG_WARN_DIRECT_OBJC_ISA_USAGE = YES_ERROR;
				CLANG_WARN_DOCUMENTATION_COMMENTS = YES;
				CLANG_WARN_EMPTY_BODY = YES;
				CLANG_WARN_ENUM_CONVERSION = YES;
				CLANG_WARN_INFINITE_RECURSION = YES;
				CLANG_WARN_INT_CONVERSION = YES;
				CLANG_WARN_OBJC_ROOT_CLASS = YES_ERROR;
				CLANG_WARN_SUSPICIOUS_MOVE = YES;
				CLANG_WARN_UNREACHABLE_CODE = YES;
				CLANG_WARN__DUPLICATE_METHOD_MATCH = YES;
				"CODE_SIGN_IDENTITY[sdk=iphoneos*]" = "iPhone Developer";
				COPY_PHASE_STRIP = NO;
				DEBUG_INFORMATION_FORMAT = "dwarf-with-dsym";
				ENABLE_NS_ASSERTIONS = NO;
				ENABLE_STRICT_OBJC_MSGSEND = YES;
				GCC_C_LANGUAGE_STANDARD = gnu99;
				GCC_NO_COMMON_BLOCKS = YES;
				GCC_WARN_64_TO_32_BIT_CONVERSION = YES;
				GCC_WARN_ABOUT_RETURN_TYPE = YES_ERROR;
				GCC_WARN_UNDECLARED_SELECTOR = YES;
				GCC_WARN_UNINITIALIZED_AUTOS = YES_AGGRESSIVE;
				GCC_WARN_UNUSED_FUNCTION = YES;
				GCC_WARN_UNUSED_VARIABLE = YES;
				IPHONEOS_DEPLOYMENT_TARGET = 10.2;
				MTL_ENABLE_DEBUG_INFO = NO;
				SDKROOT = iphoneos;
				TARGETED_DEVICE_FAMILY = "1,2";
				VALIDATE_PRODUCT = YES;
			};
			name = Release;
		};
		E1BA89BA20EB1CAF002CD41B /* Debug */ = {
			isa = XCBuildConfiguration;
			baseConfigurationReference = 0EEF08007BD94CA500F24A75 /* Pods-envirdata.debug.xcconfig */;
			buildSettings = {
				ASSETCATALOG_COMPILER_APPICON_NAME = AppIcon;
				CODE_SIGN_ENTITLEMENTS = envirdata/envirdata.entitlements;
				DEVELOPMENT_TEAM = 3AD3NZVGH6;
				ENABLE_BITCODE = NO;
				FRAMEWORK_SEARCH_PATHS = (
					"$(inherited)",
					"$(PROJECT_DIR)",
				);
				GCC_INPUT_FILETYPE = sourcecode.c.objc;
				GCC_PRECOMPILE_PREFIX_HEADER = YES;
				GCC_PREFIX_HEADER = "$(SRCROOT)/files/PrefixHeader.pch";
				GCC_VERSION = "";
				INFOPLIST_FILE = envirdata/Info.plist;
				IPHONEOS_DEPLOYMENT_TARGET = 10.2;
				LD_RUNPATH_SEARCH_PATHS = "$(inherited) @executable_path/Frameworks";
				PRODUCT_BUNDLE_IDENTIFIER = QS.envirdata;
				PRODUCT_NAME = "$(TARGET_NAME)";
				USER_HEADER_SEARCH_PATHS = "${SRCROOT}/**";
			};
			name = Debug;
		};
		E1BA89BB20EB1CAF002CD41B /* Release */ = {
			isa = XCBuildConfiguration;
			baseConfigurationReference = 24164AAE4B70419839159D9F /* Pods-envirdata.release.xcconfig */;
			buildSettings = {
				ASSETCATALOG_COMPILER_APPICON_NAME = AppIcon;
				CODE_SIGN_ENTITLEMENTS = envirdata/envirdata.entitlements;
				DEVELOPMENT_TEAM = 3AD3NZVGH6;
				ENABLE_BITCODE = NO;
				FRAMEWORK_SEARCH_PATHS = (
					"$(inherited)",
					"$(PROJECT_DIR)",
				);
				GCC_INPUT_FILETYPE = sourcecode.c.objc;
				GCC_PRECOMPILE_PREFIX_HEADER = YES;
				GCC_PREFIX_HEADER = "$(SRCROOT)/files/PrefixHeader.pch";
				GCC_VERSION = "";
				INFOPLIST_FILE = envirdata/Info.plist;
				IPHONEOS_DEPLOYMENT_TARGET = 10.2;
				LD_RUNPATH_SEARCH_PATHS = "$(inherited) @executable_path/Frameworks";
				PRODUCT_BUNDLE_IDENTIFIER = QS.envirdata;
				PRODUCT_NAME = "$(TARGET_NAME)";
				USER_HEADER_SEARCH_PATHS = "${SRCROOT}/**";
			};
			name = Release;
		};
/* End XCBuildConfiguration section */

/* Begin XCConfigurationList section */
		E1BA899D20EB1CAD002CD41B /* Build configuration list for PBXProject "envirdata" */ = {
			isa = XCConfigurationList;
			buildConfigurations = (
				E1BA89B720EB1CAF002CD41B /* Debug */,
				E1BA89B820EB1CAF002CD41B /* Release */,
			);
			defaultConfigurationIsVisible = 0;
			defaultConfigurationName = Release;
		};
		E1BA89B920EB1CAF002CD41B /* Build configuration list for PBXNativeTarget "envirdata" */ = {
			isa = XCConfigurationList;
			buildConfigurations = (
				E1BA89BA20EB1CAF002CD41B /* Debug */,
				E1BA89BB20EB1CAF002CD41B /* Release */,
			);
			defaultConfigurationIsVisible = 0;
			defaultConfigurationName = Release;
		};
/* End XCConfigurationList section */
	};
	rootObject = E1BA899A20EB1CAD002CD41B /* Project object */;
}
